# THIS IS AN AUTOGENERATED FILE. DO NOT EDIT THIS FILE DIRECTLY.
# yarn lockfile v1


"@types/backbone@^1.4.3":
  version "1.4.3"
  resolved "https://registry.yarnpkg.com/@types/backbone/-/backbone-1.4.3.tgz#75dc6e55382e226788db8d796de346891d6b2256"
  integrity sha512-PZVw2FckEbEJ+qh2hvtgpI/4p8yD3sRbA8FEO72k01/90SSH73GcLW3CqcYP5epwDpLl3cKrgK0yypQY4qiuEw==
  dependencies:
    "@types/jquery" "*"
    "@types/underscore" "*"

"@types/jquery@*", "@types/jquery@^3.5.1":
  version "3.5.1"
  resolved "https://registry.yarnpkg.com/@types/jquery/-/jquery-3.5.1.tgz#cebb057acf5071c40e439f30e840c57a30d406c3"
  integrity sha512-Tyctjh56U7eX2b9udu3wG853ASYP0uagChJcQJXLUXEU6C/JiW5qt5dl8ao01VRj1i5pgXPAf8f1mq4+FDLRQg==
  dependencies:
    "@types/sizzle" "*"

"@types/sizzle@*":
  version "2.3.2"
  resolved "https://registry.yarnpkg.com/@types/sizzle/-/sizzle-2.3.2.tgz#a811b8c18e2babab7d542b3365887ae2e4d9de47"
  integrity sha512-7EJYyKTL7tFR8+gDbB6Wwz/arpGa0Mywk1TJbNzKzHtzbwVmY4HR9WqS5VV7dsBUKQmPNr192jHr/VpBluj/hg==

"@types/underscore@*", "@types/underscore@^1.10.18":
  version "1.10.18"
  resolved "https://registry.yarnpkg.com/@types/underscore/-/underscore-1.10.18.tgz#be1b11ef09c6f2a41ff1d804096e47949ba2077b"
  integrity sha512-3HHBv2O2MU1i2V89/oZvqRopdmukyjfcOBCShClBRZlPqhFMghzF9GdMyV42XHmfEQFoe4UPy0dSTL7stI5m/A==

backbone@^1.4.0:
  version "1.4.0"
  resolved "https://registry.yarnpkg.com/backbone/-/backbone-1.4.0.tgz#54db4de9df7c3811c3f032f34749a4cd27f3bd12"
  integrity sha512-RLmDrRXkVdouTg38jcgHhyQ/2zjg7a8E6sz2zxfz21Hh17xDJYUHBZimVIt5fUyS8vbfpeSmTL3gUjTEvUV3qQ==
  dependencies:
    underscore ">=1.8.3"

jquery@^3.5.1:
  version "3.5.1"
  resolved "https://registry.yarnpkg.com/jquery/-/jquery-3.5.1.tgz#d7b4d08e1bfdb86ad2f1a3d039ea17304717abb5"
  integrity sha512-XwIBPqcMn57FxfT+Go5pzySnm4KWkT1Tv7gjrpT1srtf8Weynl6R273VJ5GjkRb51IzMp5nbaPjJXMWeju2MKg==

typescript@^3.9.7:
  version "3.9.7"
  resolved "https://registry.yarnpkg.com/typescript/-/typescript-3.9.7.tgz#98d600a5ebdc38f40cb277522f12dc800e9e25fa"
  integrity sha512-BLbiRkiBzAwsjut4x/dsibSTB6yWpwT5qWmC2OfuCg3GgVQCSgMs4vEctYPhsaGtd0AeuuHMkjZ2h2WG8MSzRw==

underscore@>=1.8.3, underscore@^1.10.2:
  version "1.10.2"
  resolved "https://registry.yarnpkg.com/underscore/-/underscore-1.10.2.tgz#73d6aa3668f3188e4adb0f1943bd12cfd7efaaaf"
  integrity sha512-N4P+Q/BuyuEKFJ43B9gYuOj4TQUHXX+j2FqguVOpjkssLUUrnJofCcBccJSCoeturDoZU6GorDTHSvUDlSQbTg==
